
Microsoft Visual Studio Solution File, Format Version 12.00
# Visual Studio Version 16
VisualStudioVersion = 16.0.32413.511
MinimumVisualStudioVersion = 10.0.40219.1
Project("{FAE04EC0-301F-11D3-BF4B-00C04F79EFBC}") = "Technical HW4", "Technical HW4\Technical HW4.csproj", "{5E1AA263-8961-49E3-BA8C-F3149744C2A6}"
EndProject
Global
	GlobalSection(SolutionConfigurationPlatforms) = preSolution
		Debug|Any CPU = Debug|Any CPU
		Release|Any CPU = Release|Any CPU
	EndGlobalSection
	GlobalSection(ProjectConfigurationPlatforms) = postSolution
		{5E1AA263-8961-49E3-BA8C-F3149744C2A6}.Debug|Any CPU.ActiveCfg = Debug|Any CPU
		{5E1AA263-8961-49E3-BA8C-F3149744C2A6}.Debug|Any CPU.Build.0 = Debug|Any CPU
		{5E1AA263-8961-49E3-BA8C-F3149744C2A6}.Release|Any CPU.ActiveCfg = Release|Any CPU
		{5E1AA263-8961-49E3-BA8C-F3149744C2A6}.Release|Any CPU.Build.0 = Release|Any CPU
	EndGlobalSection
	GlobalSection(SolutionProperties) = preSolution
		HideSolutionNode = FALSE
	EndGlobalSection
	GlobalSection(ExtensibilityGlobals) = postSolution
		SolutionGuid = {DCA4F04A-8A51-40F5-86F9-0E7DB41ACBD6}
	EndGlobalSection
EndGlobal
